
Microsoft Visual Studio Solution File, Format Version 12.00
# Visual Studio Version 16
VisualStudioVersion = 16.0.28803.156
MinimumVisualStudioVersion = 10.0.40219.1
Project("{FAE04EC0-301F-11D3-BF4B-00C04F79EFBC}") = "ML_Backend", "ML_Backend\ML_Backend.csproj", "{D506151A-281C-47BE-92AF-3474DFE4C0BF}"
EndProject
Global
	GlobalSection(SolutionConfigurationPlatforms) = preSolution
		Debug|Any CPU = Debug|Any CPU
		Release|Any CPU = Release|Any CPU
	EndGlobalSection
	GlobalSection(ProjectConfigurationPlatforms) = postSolution
		{D506151A-281C-47BE-92AF-3474DFE4C0BF}.Debug|Any CPU.ActiveCfg = Debug|Any CPU
		{D506151A-281C-47BE-92AF-3474DFE4C0BF}.Debug|Any CPU.Build.0 = Debug|Any CPU
		{D506151A-281C-47BE-92AF-3474DFE4C0BF}.Release|Any CPU.ActiveCfg = Release|Any CPU
		{D506151A-281C-47BE-92AF-3474DFE4C0BF}.Release|Any CPU.Build.0 = Release|Any CPU
	EndGlobalSection
	GlobalSection(SolutionProperties) = preSolution
		HideSolutionNode = FALSE
	EndGlobalSection
	GlobalSection(ExtensibilityGlobals) = postSolution
		SolutionGuid = {1BBD8F04-1EC4-46BF-AF07-FE8ECD1769F8}
	EndGlobalSection
EndGlobal
